{
  "version": "4",
  "specifiers": {
    "jsr:@std/assert@1": "1.0.11",
    "jsr:@std/cli@*": "1.0.14",
    "jsr:@std/cli@^1.0.14": "1.0.14",
    "jsr:@std/collections@^1.0.9": "1.0.10",
    "jsr:@std/internal@^1.0.5": "1.0.5",
    "jsr:@std/toml@*": "1.0.2"
  },
  "jsr": {
    "@std/assert@1.0.11": {
      "integrity": "2461ef3c368fe88bc60e186e7744a93112f16fd110022e113a0849e94d1c83c1",
      "dependencies": [
        "jsr:@std/internal"
      ]
    },
    "@std/cli@1.0.14": {
      "integrity": "b09ee9921cd476c0e08185ed2bfce682d45ecf4654f26c31b4aa244a2c5c024e"
    },
    "@std/collections@1.0.10": {
      "integrity": "903af106a3d92970d74e20f7ebff77d9658af9bef4403f1dc42a7801c0575899"
    },
    "@std/internal@1.0.5": {
      "integrity": "54a546004f769c1ac9e025abd15a76b6671ddc9687e2313b67376125650dc7ba"
    },
    "@std/toml@1.0.2": {
      "integrity": "5892ba489c5b512265a384238a8fe8dddbbb9498b4b210ef1b9f0336a423a39b",
      "dependencies": [
        "jsr:@std/collections"
      ]
    }
  },
  "workspace": {
    "dependencies": [
      "jsr:@std/assert@1",
      "jsr:@std/cli@^1.0.14"
    ]
  }
}
